
Microsoft Visual Studio Solution File, Format Version 12.00
# Visual Studio Version 17
VisualStudioVersion = 17.2.32516.85
MinimumVisualStudioVersion = 10.0.40219.1
Project("{FAE04EC0-301F-11D3-BF4B-00C04F79EFBC}") = "CoffeeShop", "CoffeeShop\CoffeeShop.csproj", "{9C4EDC46-AF12-4860-9B2A-898CD7CB833F}"
EndProject
Global
	GlobalSection(SolutionConfigurationPlatforms) = preSolution
		Debug|Any CPU = Debug|Any CPU
		Release|Any CPU = Release|Any CPU
	EndGlobalSection
	GlobalSection(ProjectConfigurationPlatforms) = postSolution
		{9C4EDC46-AF12-4860-9B2A-898CD7CB833F}.Debug|Any CPU.ActiveCfg = Debug|Any CPU
		{9C4EDC46-AF12-4860-9B2A-898CD7CB833F}.Debug|Any CPU.Build.0 = Debug|Any CPU
		{9C4EDC46-AF12-4860-9B2A-898CD7CB833F}.Release|Any CPU.ActiveCfg = Release|Any CPU
		{9C4EDC46-AF12-4860-9B2A-898CD7CB833F}.Release|Any CPU.Build.0 = Release|Any CPU
	EndGlobalSection
	GlobalSection(SolutionProperties) = preSolution
		HideSolutionNode = FALSE
	EndGlobalSection
	GlobalSection(ExtensibilityGlobals) = postSolution
		SolutionGuid = {54C3E321-A3BF-426B-B8C7-95135F53A108}
	EndGlobalSection
EndGlobal
